
Microsoft Visual Studio Solution File, Format Version 12.00
# Visual Studio Version 17
VisualStudioVersion = 17.2.32519.379
MinimumVisualStudioVersion = 10.0.40219.1
Project("{FAE04EC0-301F-11D3-BF4B-00C04F79EFBC}") = "pryPonssaVERDULEROS", "pryPonssaVERDULEROS.csproj", "{414BD311-1288-444F-BC6E-F3C93DFF903E}"
EndProject
Global
	GlobalSection(SolutionConfigurationPlatforms) = preSolution
		Debug|Any CPU = Debug|Any CPU
		Release|Any CPU = Release|Any CPU
	EndGlobalSection
	GlobalSection(ProjectConfigurationPlatforms) = postSolution
		{414BD311-1288-444F-BC6E-F3C93DFF903E}.Debug|Any CPU.ActiveCfg = Debug|Any CPU
		{414BD311-1288-444F-BC6E-F3C93DFF903E}.Debug|Any CPU.Build.0 = Debug|Any CPU
		{414BD311-1288-444F-BC6E-F3C93DFF903E}.Release|Any CPU.ActiveCfg = Release|Any CPU
		{414BD311-1288-444F-BC6E-F3C93DFF903E}.Release|Any CPU.Build.0 = Release|Any CPU
	EndGlobalSection
	GlobalSection(SolutionProperties) = preSolution
		HideSolutionNode = FALSE
	EndGlobalSection
	GlobalSection(ExtensibilityGlobals) = postSolution
		SolutionGuid = {A90A86E9-ADEF-4BB9-BE8B-5F471B7737C2}
	EndGlobalSection
EndGlobal
